// !$*UTF8*$!
{
	archiveVersion = 1;
	classes = {
	};
	objectVersion = 77;
	objects = {

/* Begin PBXBuildFile section */
		0A05BF3BF20F46F2A6736C66 /* Cocoa.framework in Frameworks */ = {isa = PBXBuildFile; fileRef = 9B9D2A9AC78186B52BFC36D2 /* Cocoa.framework */; };
		1C7A6B9BA3F2E2C3F90503C1 /* IPTCMetadataTests.swift in Sources */ = {isa = PBXBuildFile; fileRef = 38D2DABC30701F41BE3F6B54 /* IPTCMetadataTests.swift */; };
		8ED369F42F8CF02C00FB9A33 /* SwiftExif in Frameworks */ = {isa = PBXBuildFile; productRef = 8ED369F32F8CF02C00FB9A33 /* SwiftExif */; };
		8ED36A042F8CF03000FB9A33 /* Sparkle in Frameworks */ = {isa = PBXBuildFile; productRef = 8ED36A032F8CF03000FB9A33 /* Sparkle */; };
		AB0100000000000000000002 /* ApprovedListBypassTests.swift in Sources */ = {isa = PBXBuildFile; fileRef = AB0100000000000000000001 /* ApprovedListBypassTests.swift */; };
		AB0200000000000000000002 /* KeywordListsStoreTests.swift in Sources */ = {isa = PBXBuildFile; fileRef = AB0200000000000000000001 /* KeywordListsStoreTests.swift */; };
		AB0300000000000000000002 /* StructuredKeywordParserTests.swift in Sources */ = {isa = PBXBuildFile; fileRef = AB0300000000000000000001 /* StructuredKeywordParserTests.swift */; };
		AB0400000000000000000002 /* StructuredKeywordSerializerTests.swift in Sources */ = {isa = PBXBuildFile; fileRef = AB0400000000000000000001 /* StructuredKeywordSerializerTests.swift */; };
		AB0500000000000000000002 /* KeywordListsArchiveTests.swift in Sources */ = {isa = PBXBuildFile; fileRef = AB0500000000000000000001 /* KeywordListsArchiveTests.swift */; };
		AB0600000000000000000002 /* MetadataEngineConcurrencyTests.swift in Sources */ = {isa = PBXBuildFile; fileRef = AB0600000000000000000001 /* MetadataEngineConcurrencyTests.swift */; };
		AB0700000000000000000002 /* StructuredKeywordServiceTests.swift in Sources */ = {isa = PBXBuildFile; fileRef = AB0700000000000000000001 /* StructuredKeywordServiceTests.swift */; };
		AB0800000000000000000002 /* CoordinateParserTests.swift in Sources */ = {isa = PBXBuildFile; fileRef = AB0800000000000000000001 /* CoordinateParserTests.swift */; };
		AB0900000000000000000002 /* KnownPeopleServiceTests.swift in Sources */ = {isa = PBXBuildFile; fileRef = AB0900000000000000000001 /* KnownPeopleServiceTests.swift */; };
		AB1000000000000000000002 /* FTPServiceTests.swift in Sources */ = {isa = PBXBuildFile; fileRef = AB1000000000000000000001 /* FTPServiceTests.swift */; };
		AB1100000000000000000002 /* FullScreenImageCacheTests.swift in Sources */ = {isa = PBXBuildFile; fileRef = AB1100000000000000000001 /* FullScreenImageCacheTests.swift */; };
		AB1200000000000000000002 /* EditExportPipelineTests.swift in Sources */ = {isa = PBXBuildFile; fileRef = AB1200000000000000000001 /* EditExportPipelineTests.swift */; };
		AB1300000000000000000002 /* PlayerResolverTests.swift in Sources */ = {isa = PBXBuildFile; fileRef = AB1300000000000000000001 /* PlayerResolverTests.swift */; };
		AB1400000000000000000002 /* TeamColorClustererTests.swift in Sources */ = {isa = PBXBuildFile; fileRef = AB1400000000000000000001 /* TeamColorClustererTests.swift */; };
		AB1500000000000000000002 /* SportsTaggingTests.swift in Sources */ = {isa = PBXBuildFile; fileRef = AB1500000000000000000001 /* SportsTaggingTests.swift */; };
		AB1600000000000000000002 /* FaceEmbeddingTests.swift in Sources */ = {isa = PBXBuildFile; fileRef = AB1600000000000000000001 /* FaceEmbeddingTests.swift */; };
		AB1700000000000000000002 /* ToneCurveGeneratorTests.swift in Sources */ = {isa = PBXBuildFile; fileRef = AB1700000000000000000001 /* ToneCurveGeneratorTests.swift */; };
		AB1800000000000000000002 /* GeocodingServiceTests.swift in Sources */ = {isa = PBXBuildFile; fileRef = AB1800000000000000000001 /* GeocodingServiceTests.swift */; };
		AB1900000000000000000002 /* ColorLabelTests.swift in Sources */ = {isa = PBXBuildFile; fileRef = AB1900000000000000000001 /* ColorLabelTests.swift */; };
		AB2000000000000000000002 /* NormalizedCropRegionTests.swift in Sources */ = {isa = PBXBuildFile; fileRef = AB2000000000000000000001 /* NormalizedCropRegionTests.swift */; };
		AB2100000000000000000002 /* TechnicalMetadataTests.swift in Sources */ = {isa = PBXBuildFile; fileRef = AB2100000000000000000001 /* TechnicalMetadataTests.swift */; };
		B71AFE10A1B0E2510C12C200 /* ApprovedListServiceTests.swift in Sources */ = {isa = PBXBuildFile; fileRef = A71AFE10A1B0E2510C12C100 /* ApprovedListServiceTests.swift */; };
		D1C0023217A1B0E2510C12C2 /* MetadataIOCoordinatorTests.swift in Sources */ = {isa = PBXBuildFile; fileRef = D1C0023117A1B0E2510C12C1 /* MetadataIOCoordinatorTests.swift */; };
		E957DC81E4AA200C4CD87043 /* MetadataSidecarServiceTests.swift in Sources */ = {isa = PBXBuildFile; fileRef = 9CB424FD4CEB2C23AEFF5DB0 /* MetadataSidecarServiceTests.swift */; };
/* End PBXBuildFile section */

/* Begin PBXContainerItemProxy section */
		88530002139060FF0EA7D219 /* PBXContainerItemProxy */ = {
			isa = PBXContainerItemProxy;
			containerPortal = 8E0556AB2F28C3F600BCFB49 /* Project object */;
			proxyType = 1;
			remoteGlobalIDString = 8E0556B22F28C3F600BCFB49;
			remoteInfo = "Aagedal Photo Agent";
		};
/* End PBXContainerItemProxy section */

/* Begin PBXFileReference section */
		0F23FE232CC64C60490D92B3 /* Aagedal Photo Agent Tests.xctest */ = {isa = PBXFileReference; explicitFileType = wrapper.cfbundle; includeInIndex = 0; path = "Aagedal Photo Agent Tests.xctest"; sourceTree = BUILT_PRODUCTS_DIR; };
		38D2DABC30701F41BE3F6B54 /* IPTCMetadataTests.swift */ = {isa = PBXFileReference; includeInIndex = 1; lastKnownFileType = sourcecode.swift; path = IPTCMetadataTests.swift; sourceTree = "<group>"; };
		8E0556B32F28C3F600BCFB49 /* Aagedal Photo Agent.app */ = {isa = PBXFileReference; explicitFileType = wrapper.application; includeInIndex = 0; path = "Aagedal Photo Agent.app"; sourceTree = BUILT_PRODUCTS_DIR; };
		8E0557412F29098D00BCFB49 /* README.md */ = {isa = PBXFileReference; lastKnownFileType = net.daringfireball.markdown; path = README.md; sourceTree = "<group>"; };
		8E05576D2F2A149800BCFB49 /* TODO.md */ = {isa = PBXFileReference; lastKnownFileType = net.daringfireball.markdown; path = TODO.md; sourceTree = "<group>"; };
		9B9D2A9AC78186B52BFC36D2 /* Cocoa.framework */ = {isa = PBXFileReference; lastKnownFileType = wrapper.framework; name = Cocoa.framework; path = Platforms/MacOSX.platform/Developer/SDKs/MacOSX15.0.sdk/System/Library/Frameworks/Cocoa.framework; sourceTree = DEVELOPER_DIR; };
		9CB424FD4CEB2C23AEFF5DB0 /* MetadataSidecarServiceTests.swift */ = {isa = PBXFileReference; includeInIndex = 1; lastKnownFileType = sourcecode.swift; path = MetadataSidecarServiceTests.swift; sourceTree = "<group>"; };
		A71AFE10A1B0E2510C12C100 /* ApprovedListServiceTests.swift */ = {isa = PBXFileReference; includeInIndex = 1; lastKnownFileType = sourcecode.swift; path = ApprovedListServiceTests.swift; sourceTree = "<group>"; };
		AB0100000000000000000001 /* ApprovedListBypassTests.swift */ = {isa = PBXFileReference; includeInIndex = 1; lastKnownFileType = sourcecode.swift; path = ApprovedListBypassTests.swift; sourceTree = "<group>"; };
		AB0200000000000000000001 /* KeywordListsStoreTests.swift */ = {isa = PBXFileReference; includeInIndex = 1; lastKnownFileType = sourcecode.swift; path = KeywordListsStoreTests.swift; sourceTree = "<group>"; };
		AB0300000000000000000001 /* StructuredKeywordParserTests.swift */ = {isa = PBXFileReference; includeInIndex = 1; lastKnownFileType = sourcecode.swift; path = StructuredKeywordParserTests.swift; sourceTree = "<group>"; };
		AB0400000000000000000001 /* StructuredKeywordSerializerTests.swift */ = {isa = PBXFileReference; includeInIndex = 1; lastKnownFileType = sourcecode.swift; path = StructuredKeywordSerializerTests.swift; sourceTree = "<group>"; };
		AB0500000000000000000001 /* KeywordListsArchiveTests.swift */ = {isa = PBXFileReference; includeInIndex = 1; lastKnownFileType = sourcecode.swift; path = KeywordListsArchiveTests.swift; sourceTree = "<group>"; };
		AB0600000000000000000001 /* MetadataEngineConcurrencyTests.swift */ = {isa = PBXFileReference; includeInIndex = 1; lastKnownFileType = sourcecode.swift; path = MetadataEngineConcurrencyTests.swift; sourceTree = "<group>"; };
		AB0700000000000000000001 /* StructuredKeywordServiceTests.swift */ = {isa = PBXFileReference; includeInIndex = 1; lastKnownFileType = sourcecode.swift; path = StructuredKeywordServiceTests.swift; sourceTree = "<group>"; };
		AB0800000000000000000001 /* CoordinateParserTests.swift */ = {isa = PBXFileReference; includeInIndex = 1; lastKnownFileType = sourcecode.swift; path = CoordinateParserTests.swift; sourceTree = "<group>"; };
		AB0900000000000000000001 /* KnownPeopleServiceTests.swift */ = {isa = PBXFileReference; includeInIndex = 1; lastKnownFileType = sourcecode.swift; path = KnownPeopleServiceTests.swift; sourceTree = "<group>"; };
		AB1000000000000000000001 /* FTPServiceTests.swift */ = {isa = PBXFileReference; includeInIndex = 1; lastKnownFileType = sourcecode.swift; path = FTPServiceTests.swift; sourceTree = "<group>"; };
		AB1100000000000000000001 /* FullScreenImageCacheTests.swift */ = {isa = PBXFileReference; includeInIndex = 1; lastKnownFileType = sourcecode.swift; path = FullScreenImageCacheTests.swift; sourceTree = "<group>"; };
		AB1200000000000000000001 /* EditExportPipelineTests.swift */ = {isa = PBXFileReference; includeInIndex = 1; lastKnownFileType = sourcecode.swift; path = EditExportPipelineTests.swift; sourceTree = "<group>"; };
		AB1300000000000000000001 /* PlayerResolverTests.swift */ = {isa = PBXFileReference; includeInIndex = 1; lastKnownFileType = sourcecode.swift; path = PlayerResolverTests.swift; sourceTree = "<group>"; };
		AB1400000000000000000001 /* TeamColorClustererTests.swift */ = {isa = PBXFileReference; includeInIndex = 1; lastKnownFileType = sourcecode.swift; path = TeamColorClustererTests.swift; sourceTree = "<group>"; };
		AB1500000000000000000001 /* SportsTaggingTests.swift */ = {isa = PBXFileReference; includeInIndex = 1; lastKnownFileType = sourcecode.swift; path = SportsTaggingTests.swift; sourceTree = "<group>"; };
		AB1600000000000000000001 /* FaceEmbeddingTests.swift */ = {isa = PBXFileReference; includeInIndex = 1; lastKnownFileType = sourcecode.swift; path = FaceEmbeddingTests.swift; sourceTree = "<group>"; };
		AB1700000000000000000001 /* ToneCurveGeneratorTests.swift */ = {isa = PBXFileReference; includeInIndex = 1; lastKnownFileType = sourcecode.swift; path = ToneCurveGeneratorTests.swift; sourceTree = "<group>"; };
		AB1800000000000000000001 /* GeocodingServiceTests.swift */ = {isa = PBXFileReference; includeInIndex = 1; lastKnownFileType = sourcecode.swift; path = GeocodingServiceTests.swift; sourceTree = "<group>"; };
		AB1900000000000000000001 /* ColorLabelTests.swift */ = {isa = PBXFileReference; includeInIndex = 1; lastKnownFileType = sourcecode.swift; path = ColorLabelTests.swift; sourceTree = "<group>"; };
		AB2000000000000000000001 /* NormalizedCropRegionTests.swift */ = {isa = PBXFileReference; includeInIndex = 1; lastKnownFileType = sourcecode.swift; path = NormalizedCropRegionTests.swift; sourceTree = "<group>"; };
		AB2100000000000000000001 /* TechnicalMetadataTests.swift */ = {isa = PBXFileReference; includeInIndex = 1; lastKnownFileType = sourcecode.swift; path = TechnicalMetadataTests.swift; sourceTree = "<group>"; };
		D1C0023117A1B0E2510C12C1 /* MetadataIOCoordinatorTests.swift */ = {isa = PBXFileReference; includeInIndex = 1; lastKnownFileType = sourcecode.swift; path = MetadataIOCoordinatorTests.swift; sourceTree = "<group>"; };
/* End PBXFileReference section */

/* Begin PBXFileSystemSynchronizedBuildFileExceptionSet section */
		8E0557F02F8CF03100FB9A33 /* Exceptions for "Aagedal Photo Agent" folder in "Aagedal Photo Agent" target */ = {
			isa = PBXFileSystemSynchronizedBuildFileExceptionSet;
			membershipExceptions = (
				Info.plist,
			);
			target = 8E0556B22F28C3F600BCFB49 /* Aagedal Photo Agent */;
		};
/* End PBXFileSystemSynchronizedBuildFileExceptionSet section */

/* Begin PBXFileSystemSynchronizedRootGroup section */
		8E0556B52F28C3F600BCFB49 /* Aagedal Photo Agent */ = {
			isa = PBXFileSystemSynchronizedRootGroup;
			exceptions = (
				8E0557F02F8CF03100FB9A33 /* Exceptions for "Aagedal Photo Agent" folder in "Aagedal Photo Agent" target */,
			);
			path = "Aagedal Photo Agent";
			sourceTree = "<group>";
		};
/* End PBXFileSystemSynchronizedRootGroup section */

/* Begin PBXFrameworksBuildPhase section */
		8E0556B02F28C3F600BCFB49 /* Frameworks */ = {
			isa = PBXFrameworksBuildPhase;
			buildActionMask = 2147483647;
			files = (
				8ED369F42F8CF02C00FB9A33 /* SwiftExif in Frameworks */,
				8ED36A042F8CF03000FB9A33 /* Sparkle in Frameworks */,
			);
			runOnlyForDeploymentPostprocessing = 0;
		};
		A924771C945E8FEF6674CBCA /* Frameworks */ = {
			isa = PBXFrameworksBuildPhase;
			buildActionMask = 2147483647;
			files = (
				0A05BF3BF20F46F2A6736C66 /* Cocoa.framework in Frameworks */,
			);
			runOnlyForDeploymentPostprocessing = 0;
		};
/* End PBXFrameworksBuildPhase section */

/* Begin PBXGroup section */
		025F811ED39BE1D910E68E81 /* Aagedal Photo Agent Tests */ = {
			isa = PBXGroup;
			children = (
				38D2DABC30701F41BE3F6B54 /* IPTCMetadataTests.swift */,
				AB1000000000000000000001 /* FTPServiceTests.swift */,
				9CB424FD4CEB2C23AEFF5DB0 /* MetadataSidecarServiceTests.swift */,
				A71AFE10A1B0E2510C12C100 /* ApprovedListServiceTests.swift */,
				D1C0023117A1B0E2510C12C1 /* MetadataIOCoordinatorTests.swift */,
				AB0100000000000000000001 /* ApprovedListBypassTests.swift */,
				AB0200000000000000000001 /* KeywordListsStoreTests.swift */,
				AB0900000000000000000001 /* KnownPeopleServiceTests.swift */,
				AB1600000000000000000001 /* FaceEmbeddingTests.swift */,
				AB0300000000000000000001 /* StructuredKeywordParserTests.swift */,
				AB0400000000000000000001 /* StructuredKeywordSerializerTests.swift */,
				AB0500000000000000000001 /* KeywordListsArchiveTests.swift */,
				AB0600000000000000000001 /* MetadataEngineConcurrencyTests.swift */,
				AB0700000000000000000001 /* StructuredKeywordServiceTests.swift */,
				AB0800000000000000000001 /* CoordinateParserTests.swift */,
				AB1800000000000000000001 /* GeocodingServiceTests.swift */,
				AB1100000000000000000001 /* FullScreenImageCacheTests.swift */,
				AB1200000000000000000001 /* EditExportPipelineTests.swift */,
				AB1300000000000000000001 /* PlayerResolverTests.swift */,
				AB1400000000000000000001 /* TeamColorClustererTests.swift */,
				AB1500000000000000000001 /* SportsTaggingTests.swift */,
				AB1700000000000000000001 /* ToneCurveGeneratorTests.swift */,
				AB1900000000000000000001 /* ColorLabelTests.swift */,
				AB2000000000000000000001 /* NormalizedCropRegionTests.swift */,
				AB2100000000000000000001 /* TechnicalMetadataTests.swift */,
			);
			path = "Aagedal Photo Agent Tests";
			sourceTree = "<group>";
		};
		43E23B2EE8BEE41854A07D14 /* Frameworks */ = {
			isa = PBXGroup;
			children = (
				B9015191F18C391EE62C0900 /* OS X */,
			);
			name = Frameworks;
			sourceTree = "<group>";
		};
		8E0556AA2F28C3F600BCFB49 = {
			isa = PBXGroup;
			children = (
				8E0557412F29098D00BCFB49 /* README.md */,
				8E05576D2F2A149800BCFB49 /* TODO.md */,
				8E0556B52F28C3F600BCFB49 /* Aagedal Photo Agent */,
				8E0556B42F28C3F600BCFB49 /* Products */,
				43E23B2EE8BEE41854A07D14 /* Frameworks */,
				025F811ED39BE1D910E68E81 /* Aagedal Photo Agent Tests */,
			);
			sourceTree = "<group>";
		};
		8E0556B42F28C3F600BCFB49 /* Products */ = {
			isa = PBXGroup;
			children = (
				8E0556B32F28C3F600BCFB49 /* Aagedal Photo Agent.app */,
				0F23FE232CC64C60490D92B3 /* Aagedal Photo Agent Tests.xctest */,
			);
			name = Products;
			sourceTree = "<group>";
		};
		B9015191F18C391EE62C0900 /* OS X */ = {
			isa = PBXGroup;
			children = (
				9B9D2A9AC78186B52BFC36D2 /* Cocoa.framework */,
			);
			name = "OS X";
			sourceTree = "<group>";
		};
/* End PBXGroup section */

/* Begin PBXNativeTarget section */
		8E0556B22F28C3F600BCFB49 /* Aagedal Photo Agent */ = {
			isa = PBXNativeTarget;
			buildConfigurationList = 8E0556BE2F28C3F900BCFB49 /* Build configuration list for PBXNativeTarget "Aagedal Photo Agent" */;
			buildPhases = (
				8E0556AF2F28C3F600BCFB49 /* Sources */,
				8E0556B02F28C3F600BCFB49 /* Frameworks */,
				8E0556B12F28C3F600BCFB49 /* Resources */,
				8E05580A2F9EC00000BCFB49 /* Sign Bundled Binaries */,
			);
			buildRules = (
			);
			dependencies = (
			);
			fileSystemSynchronizedGroups = (
				8E0556B52F28C3F600BCFB49 /* Aagedal Photo Agent */,
			);
			name = "Aagedal Photo Agent";
			productName = "Aagedal Photo Agent";
			productReference = 8E0556B32F28C3F600BCFB49 /* Aagedal Photo Agent.app */;
			productType = "com.apple.product-type.application";
		};
		DB6EB8B3A46DC2147D8DE710 /* Aagedal Photo Agent Tests */ = {
			isa = PBXNativeTarget;
			buildConfigurationList = C4E2D1298ACEA802D506B657 /* Build configuration list for PBXNativeTarget "Aagedal Photo Agent Tests" */;
			buildPhases = (
				32D292541781394DC612E9B2 /* Sources */,
				A924771C945E8FEF6674CBCA /* Frameworks */,
				8E1E7BF9FD66DC94F2E60821 /* Resources */,
			);
			buildRules = (
			);
			dependencies = (
				2974ADFA266F2A27871845CC /* PBXTargetDependency */,
			);
			name = "Aagedal Photo Agent Tests";
			productName = "Aagedal Photo Agent Tests";
			productReference = 0F23FE232CC64C60490D92B3 /* Aagedal Photo Agent Tests.xctest */;
			productType = "com.apple.product-type.bundle.unit-test";
		};
/* End PBXNativeTarget section */

/* Begin PBXProject section */
		8E0556AB2F28C3F600BCFB49 /* Project object */ = {
			isa = PBXProject;
			attributes = {
				BuildIndependentTargetsInParallel = 1;
				LastSwiftUpdateCheck = 2600;
				LastUpgradeCheck = 2600;
				TargetAttributes = {
					8E0556B22F28C3F600BCFB49 = {
						CreatedOnToolsVersion = 26.0;
					};
				};
			};
			buildConfigurationList = 8E0556AE2F28C3F600BCFB49 /* Build configuration list for PBXProject "Aagedal Photo Agent" */;
			developmentRegion = en;
			hasScannedForEncodings = 0;
			knownRegions = (
				en,
				Base,
			);
			mainGroup = 8E0556AA2F28C3F600BCFB49;
			minimizedProjectReferenceProxies = 1;
			packageReferences = (
				8ED369F22F8CF02C00FB9A33 /* XCRemoteSwiftPackageReference "SwiftExif" */,
				8ED36A022F8CF03000FB9A33 /* XCRemoteSwiftPackageReference "Sparkle" */,
			);
			preferredProjectObjectVersion = 77;
			productRefGroup = 8E0556B42F28C3F600BCFB49 /* Products */;
			projectDirPath = "";
			projectRoot = "";
			targets = (
				8E0556B22F28C3F600BCFB49 /* Aagedal Photo Agent */,
				DB6EB8B3A46DC2147D8DE710 /* Aagedal Photo Agent Tests */,
			);
		};
/* End PBXProject section */

/* Begin PBXResourcesBuildPhase section */
		8E0556B12F28C3F600BCFB49 /* Resources */ = {
			isa = PBXResourcesBuildPhase;
			buildActionMask = 2147483647;
			files = (
			);
			runOnlyForDeploymentPostprocessing = 0;
		};
		8E1E7BF9FD66DC94F2E60821 /* Resources */ = {
			isa = PBXResourcesBuildPhase;
			buildActionMask = 2147483647;
			files = (
			);
			runOnlyForDeploymentPostprocessing = 0;
		};
/* End PBXResourcesBuildPhase section */

/* Begin PBXShellScriptBuildPhase section */
		8E05580A2F9EC00000BCFB49 /* Sign Bundled Binaries */ = {
			isa = PBXShellScriptBuildPhase;
			buildActionMask = 2147483647;
			files = (
			);
			inputPaths = (
				"$(BUILT_PRODUCTS_DIR)/$(CONTENTS_FOLDER_PATH)/Resources/c2patool",
				"$(BUILT_PRODUCTS_DIR)/$(CONTENTS_FOLDER_PATH)/Resources/ffmpeg",
			);
			name = "Sign Bundled Binaries";
			outputPaths = (
				"$(DERIVED_FILE_DIR)/c2patool.signed",
				"$(DERIVED_FILE_DIR)/ffmpeg.signed",
			);
			runOnlyForDeploymentPostprocessing = 0;
			shellPath = /bin/sh;
			shellScript = "# Sign bundled helper binaries with Hardened Runtime for notarization\nif [ -n \"$CODE_SIGN_IDENTITY\" ] && [ \"$CODE_SIGN_IDENTITY\" != \"-\" ]; then\n    /usr/bin/codesign --force --options runtime --sign \"$EXPANDED_CODE_SIGN_IDENTITY\" \"$BUILT_PRODUCTS_DIR/$CONTENTS_FOLDER_PATH/Resources/c2patool\"\n    /usr/bin/codesign --force --options runtime --sign \"$EXPANDED_CODE_SIGN_IDENTITY\" \"$BUILT_PRODUCTS_DIR/$CONTENTS_FOLDER_PATH/Resources/ffmpeg\"\nfi\ntouch \"$DERIVED_FILE_DIR/c2patool.signed\" \"$DERIVED_FILE_DIR/ffmpeg.signed\"\n";
		};
/* End PBXShellScriptBuildPhase section */

/* Begin PBXSourcesBuildPhase section */
		32D292541781394DC612E9B2 /* Sources */ = {
			isa = PBXSourcesBuildPhase;
			buildActionMask = 2147483647;
			files = (
				1C7A6B9BA3F2E2C3F90503C1 /* IPTCMetadataTests.swift in Sources */,
				AB1000000000000000000002 /* FTPServiceTests.swift in Sources */,
				E957DC81E4AA200C4CD87043 /* MetadataSidecarServiceTests.swift in Sources */,
				B71AFE10A1B0E2510C12C200 /* ApprovedListServiceTests.swift in Sources */,
				D1C0023217A1B0E2510C12C2 /* MetadataIOCoordinatorTests.swift in Sources */,
				AB0100000000000000000002 /* ApprovedListBypassTests.swift in Sources */,
				AB0200000000000000000002 /* KeywordListsStoreTests.swift in Sources */,
				AB0900000000000000000002 /* KnownPeopleServiceTests.swift in Sources */,
				AB1600000000000000000002 /* FaceEmbeddingTests.swift in Sources */,
				AB0700000000000000000002 /* StructuredKeywordServiceTests.swift in Sources */,
				AB0300000000000000000002 /* StructuredKeywordParserTests.swift in Sources */,
				AB0400000000000000000002 /* StructuredKeywordSerializerTests.swift in Sources */,
				AB0500000000000000000002 /* KeywordListsArchiveTests.swift in Sources */,
				AB0600000000000000000002 /* MetadataEngineConcurrencyTests.swift in Sources */,
				AB0700000000000000000002 /* StructuredKeywordServiceTests.swift in Sources */,
				AB0800000000000000000002 /* CoordinateParserTests.swift in Sources */,
				AB1800000000000000000002 /* GeocodingServiceTests.swift in Sources */,
				AB1100000000000000000002 /* FullScreenImageCacheTests.swift in Sources */,
				AB1200000000000000000002 /* EditExportPipelineTests.swift in Sources */,
				AB1300000000000000000002 /* PlayerResolverTests.swift in Sources */,
				AB1400000000000000000002 /* TeamColorClustererTests.swift in Sources */,
				AB1500000000000000000002 /* SportsTaggingTests.swift in Sources */,
				AB1700000000000000000002 /* ToneCurveGeneratorTests.swift in Sources */,
				AB1900000000000000000002 /* ColorLabelTests.swift in Sources */,
				AB2000000000000000000002 /* NormalizedCropRegionTests.swift in Sources */,
				AB2100000000000000000002 /* TechnicalMetadataTests.swift in Sources */,
			);
			runOnlyForDeploymentPostprocessing = 0;
		};
		8E0556AF2F28C3F600BCFB49 /* Sources */ = {
			isa = PBXSourcesBuildPhase;
			buildActionMask = 2147483647;
			files = (
			);
			runOnlyForDeploymentPostprocessing = 0;
		};
/* End PBXSourcesBuildPhase section */

/* Begin PBXTargetDependency section */
		2974ADFA266F2A27871845CC /* PBXTargetDependency */ = {
			isa = PBXTargetDependency;
			name = "Aagedal Photo Agent";
			target = 8E0556B22F28C3F600BCFB49 /* Aagedal Photo Agent */;
			targetProxy = 88530002139060FF0EA7D219 /* PBXContainerItemProxy */;
		};
/* End PBXTargetDependency section */

/* Begin XCBuildConfiguration section */
		56C3E2B22B2BF8584C9A038F /* Release */ = {
			isa = XCBuildConfiguration;
			buildSettings = {
				ARCHS = arm64;
				BUNDLE_LOADER = "$(TEST_HOST)";
				CODE_SIGNING_ALLOWED = NO;
				CODE_SIGNING_REQUIRED = NO;
				CODE_SIGN_IDENTITY = "-";
				EXCLUDED_ARCHS = x86_64;
				FRAMEWORK_SEARCH_PATHS = (
					"$(inherited)",
					"$(PLATFORM_DIR)/Developer/Library/Frameworks",
				);
				GENERATE_INFOPLIST_FILE = YES;
				MACOSX_DEPLOYMENT_TARGET = 26.0;
				PRODUCT_BUNDLE_IDENTIFIER = "aagedal.Aagedal-Photo-Agent.Tests";
				PRODUCT_NAME = "$(TARGET_NAME)";
				SDKROOT = macosx;
				SWIFT_APPROACHABLE_CONCURRENCY = YES;
				SWIFT_DEFAULT_ACTOR_ISOLATION = MainActor;
				SWIFT_UPCOMING_FEATURE_MEMBER_IMPORT_VISIBILITY = YES;
				SWIFT_VERSION = 6.0;
				TEST_HOST = "$(BUILT_PRODUCTS_DIR)/Aagedal Photo Agent.app/Contents/MacOS/Aagedal Photo Agent";
			};
			name = Release;
		};
		8E0556BC2F28C3F900BCFB49 /* Debug */ = {
			isa = XCBuildConfiguration;
			buildSettings = {
				ALWAYS_SEARCH_USER_PATHS = NO;
				ARCHS = arm64;
				ASSETCATALOG_COMPILER_GENERATE_SWIFT_ASSET_SYMBOL_EXTENSIONS = YES;
				CLANG_ANALYZER_NONNULL = YES;
				CLANG_ANALYZER_NUMBER_OBJECT_CONVERSION = YES_AGGRESSIVE;
				CLANG_CXX_LANGUAGE_STANDARD = "gnu++20";
				CLANG_ENABLE_MODULES = YES;
				CLANG_ENABLE_OBJC_ARC = YES;
				CLANG_ENABLE_OBJC_WEAK = YES;
				CLANG_WARN_BLOCK_CAPTURE_AUTORELEASING = YES;
				CLANG_WARN_BOOL_CONVERSION = YES;
				CLANG_WARN_COMMA = YES;
				CLANG_WARN_CONSTANT_CONVERSION = YES;
				CLANG_WARN_DEPRECATED_OBJC_IMPLEMENTATIONS = YES;
				CLANG_WARN_DIRECT_OBJC_ISA_USAGE = YES_ERROR;
				CLANG_WARN_DOCUMENTATION_COMMENTS = YES;
				CLANG_WARN_EMPTY_BODY = YES;
				CLANG_WARN_ENUM_CONVERSION = YES;
				CLANG_WARN_INFINITE_RECURSION = YES;
				CLANG_WARN_INT_CONVERSION = YES;
				CLANG_WARN_NON_LITERAL_NULL_CONVERSION = YES;
				CLANG_WARN_OBJC_IMPLICIT_RETAIN_SELF = YES;
				CLANG_WARN_OBJC_LITERAL_CONVERSION = YES;
				CLANG_WARN_OBJC_ROOT_CLASS = YES_ERROR;
				CLANG_WARN_QUOTED_INCLUDE_IN_FRAMEWORK_HEADER = YES;
				CLANG_WARN_RANGE_LOOP_ANALYSIS = YES;
				CLANG_WARN_STRICT_PROTOTYPES = YES;
				CLANG_WARN_SUSPICIOUS_MOVE = YES;
				CLANG_WARN_UNGUARDED_AVAILABILITY = YES_AGGRESSIVE;
				CLANG_WARN_UNREACHABLE_CODE = YES;
				CLANG_WARN__DUPLICATE_METHOD_MATCH = YES;
				COPY_PHASE_STRIP = NO;
				DEBUG_INFORMATION_FORMAT = dwarf;
				DEVELOPMENT_TEAM = 3R5QGG9DW6;
				ENABLE_STRICT_OBJC_MSGSEND = YES;
				ENABLE_TESTABILITY = YES;
				ENABLE_USER_SCRIPT_SANDBOXING = YES;
				EXCLUDED_ARCHS = x86_64;
				"EXCLUDED_ARCHS[sdk=*]" = x86_64;
				GCC_C_LANGUAGE_STANDARD = gnu17;
				GCC_DYNAMIC_NO_PIC = NO;
				GCC_NO_COMMON_BLOCKS = YES;
				GCC_OPTIMIZATION_LEVEL = 0;
				GCC_PREPROCESSOR_DEFINITIONS = (
					"DEBUG=1",
					"$(inherited)",
				);
				GCC_WARN_64_TO_32_BIT_CONVERSION = YES;
				GCC_WARN_ABOUT_RETURN_TYPE = YES_ERROR;
				GCC_WARN_UNDECLARED_SELECTOR = YES;
				GCC_WARN_UNINITIALIZED_AUTOS = YES_AGGRESSIVE;
				GCC_WARN_UNUSED_FUNCTION = YES;
				GCC_WARN_UNUSED_VARIABLE = YES;
				LOCALIZATION_PREFERS_STRING_CATALOGS = YES;
				MACOSX_DEPLOYMENT_TARGET = 26.0;
				MTL_ENABLE_DEBUG_INFO = INCLUDE_SOURCE;
				MTL_FAST_MATH = YES;
				ONLY_ACTIVE_ARCH = YES;
				SDKROOT = macosx;
				SWIFT_ACTIVE_COMPILATION_CONDITIONS = "DEBUG $(inherited)";
				SWIFT_OPTIMIZATION_LEVEL = "-Onone";
			};
			name = Debug;
		};
		8E0556BD2F28C3F900BCFB49 /* Release */ = {
			isa = XCBuildConfiguration;
			buildSettings = {
				ALWAYS_SEARCH_USER_PATHS = NO;
				ARCHS = arm64;
				ASSETCATALOG_COMPILER_GENERATE_SWIFT_ASSET_SYMBOL_EXTENSIONS = YES;
				CLANG_ANALYZER_NONNULL = YES;
				CLANG_ANALYZER_NUMBER_OBJECT_CONVERSION = YES_AGGRESSIVE;
				CLANG_CXX_LANGUAGE_STANDARD = "gnu++20";
				CLANG_ENABLE_MODULES = YES;
				CLANG_ENABLE_OBJC_ARC = YES;
				CLANG_ENABLE_OBJC_WEAK = YES;
				CLANG_WARN_BLOCK_CAPTURE_AUTORELEASING = YES;
				CLANG_WARN_BOOL_CONVERSION = YES;
				CLANG_WARN_COMMA = YES;
				CLANG_WARN_CONSTANT_CONVERSION = YES;
				CLANG_WARN_DEPRECATED_OBJC_IMPLEMENTATIONS = YES;
				CLANG_WARN_DIRECT_OBJC_ISA_USAGE = YES_ERROR;
				CLANG_WARN_DOCUMENTATION_COMMENTS = YES;
				CLANG_WARN_EMPTY_BODY = YES;
				CLANG_WARN_ENUM_CONVERSION = YES;
				CLANG_WARN_INFINITE_RECURSION = YES;
				CLANG_WARN_INT_CONVERSION = YES;
				CLANG_WARN_NON_LITERAL_NULL_CONVERSION = YES;
				CLANG_WARN_OBJC_IMPLICIT_RETAIN_SELF = YES;
				CLANG_WARN_OBJC_LITERAL_CONVERSION = YES;
				CLANG_WARN_OBJC_ROOT_CLASS = YES_ERROR;
				CLANG_WARN_QUOTED_INCLUDE_IN_FRAMEWORK_HEADER = YES;
				CLANG_WARN_RANGE_LOOP_ANALYSIS = YES;
				CLANG_WARN_STRICT_PROTOTYPES = YES;
				CLANG_WARN_SUSPICIOUS_MOVE = YES;
				CLANG_WARN_UNGUARDED_AVAILABILITY = YES_AGGRESSIVE;
				CLANG_WARN_UNREACHABLE_CODE = YES;
				CLANG_WARN__DUPLICATE_METHOD_MATCH = YES;
				COPY_PHASE_STRIP = NO;
				DEBUG_INFORMATION_FORMAT = "dwarf-with-dsym";
				DEVELOPMENT_TEAM = 3R5QGG9DW6;
				ENABLE_NS_ASSERTIONS = NO;
				ENABLE_STRICT_OBJC_MSGSEND = YES;
				ENABLE_USER_SCRIPT_SANDBOXING = YES;
				EXCLUDED_ARCHS = x86_64;
				"EXCLUDED_ARCHS[sdk=*]" = x86_64;
				GCC_C_LANGUAGE_STANDARD = gnu17;
				GCC_NO_COMMON_BLOCKS = YES;
				GCC_WARN_64_TO_32_BIT_CONVERSION = YES;
				GCC_WARN_ABOUT_RETURN_TYPE = YES_ERROR;
				GCC_WARN_UNDECLARED_SELECTOR = YES;
				GCC_WARN_UNINITIALIZED_AUTOS = YES_AGGRESSIVE;
				GCC_WARN_UNUSED_FUNCTION = YES;
				GCC_WARN_UNUSED_VARIABLE = YES;
				LOCALIZATION_PREFERS_STRING_CATALOGS = YES;
				MACOSX_DEPLOYMENT_TARGET = 26.0;
				MTL_ENABLE_DEBUG_INFO = NO;
				MTL_FAST_MATH = YES;
				ONLY_ACTIVE_ARCH = YES;
				SDKROOT = macosx;
				SWIFT_COMPILATION_MODE = wholemodule;
			};
			name = Release;
		};
		8E0556BF2F28C3F900BCFB49 /* Debug */ = {
			isa = XCBuildConfiguration;
			buildSettings = {
				ASSETCATALOG_COMPILER_APPICON_NAME = AppIcon;
				ASSETCATALOG_COMPILER_GLOBAL_ACCENT_COLOR_NAME = AccentColor;
				CODE_SIGN_ENTITLEMENTS = "Aagedal Photo Agent/Aagedal Photo Agent.entitlements";
				CODE_SIGN_STYLE = Automatic;
				COMBINE_HIDPI_IMAGES = YES;
				CURRENT_PROJECT_VERSION = 379;
				DEVELOPMENT_TEAM = 3R5QGG9DW6;
				ENABLE_APP_SANDBOX = NO;
				ENABLE_HARDENED_RUNTIME = YES;
				ENABLE_PREVIEWS = YES;
				ENABLE_USER_SCRIPT_SANDBOXING = NO;
				GENERATE_INFOPLIST_FILE = NO;
				INFOPLIST_FILE = "Aagedal Photo Agent/Info.plist";
				INFOPLIST_KEY_CFBundleDisplayName = "Aagedal Photo Agent";
				INFOPLIST_KEY_LSApplicationCategoryType = "public.app-category.photography";
				LD_RUNPATH_SEARCH_PATHS = (
					"$(inherited)",
					"@executable_path/../Frameworks",
				);
				MACOSX_DEPLOYMENT_TARGET = 26.0;
				MARKETING_VERSION = 2.0.1;
				PRODUCT_BUNDLE_IDENTIFIER = "aagedal.Aagedal-Photo-Agent";
				PRODUCT_NAME = "$(TARGET_NAME)";
				REGISTER_APP_GROUPS = YES;
				STRING_CATALOG_GENERATE_SYMBOLS = YES;
				SWIFT_APPROACHABLE_CONCURRENCY = YES;
				SWIFT_DEFAULT_ACTOR_ISOLATION = MainActor;
				SWIFT_EMIT_LOC_STRINGS = YES;
				SWIFT_UPCOMING_FEATURE_MEMBER_IMPORT_VISIBILITY = YES;
				SWIFT_VERSION = 6.0;
			};
			name = Debug;
		};
		8E0556C02F28C3F900BCFB49 /* Release */ = {
			isa = XCBuildConfiguration;
			buildSettings = {
				ASSETCATALOG_COMPILER_APPICON_NAME = AppIcon;
				ASSETCATALOG_COMPILER_GLOBAL_ACCENT_COLOR_NAME = AccentColor;
				CODE_SIGN_ENTITLEMENTS = "Aagedal Photo Agent/Aagedal Photo Agent.entitlements";
				CODE_SIGN_STYLE = Automatic;
				COMBINE_HIDPI_IMAGES = YES;
				CURRENT_PROJECT_VERSION = 379;
				DEVELOPMENT_TEAM = 3R5QGG9DW6;
				ENABLE_APP_SANDBOX = NO;
				ENABLE_HARDENED_RUNTIME = YES;
				ENABLE_PREVIEWS = YES;
				ENABLE_USER_SCRIPT_SANDBOXING = NO;
				GENERATE_INFOPLIST_FILE = NO;
				INFOPLIST_FILE = "Aagedal Photo Agent/Info.plist";
				INFOPLIST_KEY_CFBundleDisplayName = "Aagedal Photo Agent";
				INFOPLIST_KEY_LSApplicationCategoryType = "public.app-category.photography";
				LD_RUNPATH_SEARCH_PATHS = (
					"$(inherited)",
					"@executable_path/../Frameworks",
				);
				MACOSX_DEPLOYMENT_TARGET = 26.0;
				MARKETING_VERSION = 2.0.1;
				PRODUCT_BUNDLE_IDENTIFIER = "aagedal.Aagedal-Photo-Agent";
				PRODUCT_NAME = "$(TARGET_NAME)";
				REGISTER_APP_GROUPS = YES;
				STRING_CATALOG_GENERATE_SYMBOLS = YES;
				SWIFT_APPROACHABLE_CONCURRENCY = YES;
				SWIFT_DEFAULT_ACTOR_ISOLATION = MainActor;
				SWIFT_EMIT_LOC_STRINGS = YES;
				SWIFT_UPCOMING_FEATURE_MEMBER_IMPORT_VISIBILITY = YES;
				SWIFT_VERSION = 6.0;
			};
			name = Release;
		};
		A0AC567F342F22C5A248C160 /* Debug */ = {
			isa = XCBuildConfiguration;
			buildSettings = {
				ARCHS = arm64;
				BUNDLE_LOADER = "$(TEST_HOST)";
				CODE_SIGNING_ALLOWED = NO;
				CODE_SIGNING_REQUIRED = NO;
				CODE_SIGN_IDENTITY = "-";
				EXCLUDED_ARCHS = x86_64;
				FRAMEWORK_SEARCH_PATHS = (
					"$(inherited)",
					"$(PLATFORM_DIR)/Developer/Library/Frameworks",
				);
				GENERATE_INFOPLIST_FILE = YES;
				MACOSX_DEPLOYMENT_TARGET = 26.0;
				PRODUCT_BUNDLE_IDENTIFIER = "aagedal.Aagedal-Photo-Agent.Tests";
				PRODUCT_NAME = "$(TARGET_NAME)";
				SDKROOT = macosx;
				SWIFT_APPROACHABLE_CONCURRENCY = YES;
				SWIFT_DEFAULT_ACTOR_ISOLATION = MainActor;
				SWIFT_UPCOMING_FEATURE_MEMBER_IMPORT_VISIBILITY = YES;
				SWIFT_VERSION = 6.0;
				TEST_HOST = "$(BUILT_PRODUCTS_DIR)/Aagedal Photo Agent.app/Contents/MacOS/Aagedal Photo Agent";
			};
			name = Debug;
		};
/* End XCBuildConfiguration section */

/* Begin XCConfigurationList section */
		8E0556AE2F28C3F600BCFB49 /* Build configuration list for PBXProject "Aagedal Photo Agent" */ = {
			isa = XCConfigurationList;
			buildConfigurations = (
				8E0556BC2F28C3F900BCFB49 /* Debug */,
				8E0556BD2F28C3F900BCFB49 /* Release */,
			);
			defaultConfigurationIsVisible = 0;
			defaultConfigurationName = Release;
		};
		8E0556BE2F28C3F900BCFB49 /* Build configuration list for PBXNativeTarget "Aagedal Photo Agent" */ = {
			isa = XCConfigurationList;
			buildConfigurations = (
				8E0556BF2F28C3F900BCFB49 /* Debug */,
				8E0556C02F28C3F900BCFB49 /* Release */,
			);
			defaultConfigurationIsVisible = 0;
			defaultConfigurationName = Release;
		};
		C4E2D1298ACEA802D506B657 /* Build configuration list for PBXNativeTarget "Aagedal Photo Agent Tests" */ = {
			isa = XCConfigurationList;
			buildConfigurations = (
				56C3E2B22B2BF8584C9A038F /* Release */,
				A0AC567F342F22C5A248C160 /* Debug */,
			);
			defaultConfigurationIsVisible = 0;
			defaultConfigurationName = Release;
		};
/* End XCConfigurationList section */

/* Begin XCRemoteSwiftPackageReference section */
		8ED369F22F8CF02C00FB9A33 /* XCRemoteSwiftPackageReference "SwiftExif" */ = {
			isa = XCRemoteSwiftPackageReference;
			repositoryURL = "https://codeberg.org/taagedal/SwiftExif.git";
			requirement = {
				kind = upToNextMajorVersion;
				minimumVersion = 1.9.9;
			};
		};
		8ED36A022F8CF03000FB9A33 /* XCRemoteSwiftPackageReference "Sparkle" */ = {
			isa = XCRemoteSwiftPackageReference;
			repositoryURL = "https://github.com/sparkle-project/Sparkle";
			requirement = {
				kind = upToNextMajorVersion;
				minimumVersion = 2.6.0;
			};
		};
/* End XCRemoteSwiftPackageReference section */

/* Begin XCSwiftPackageProductDependency section */
		8ED369F32F8CF02C00FB9A33 /* SwiftExif */ = {
			isa = XCSwiftPackageProductDependency;
			package = 8ED369F22F8CF02C00FB9A33 /* XCRemoteSwiftPackageReference "SwiftExif" */;
			productName = SwiftExif;
		};
		8ED36A032F8CF03000FB9A33 /* Sparkle */ = {
			isa = XCSwiftPackageProductDependency;
			package = 8ED36A022F8CF03000FB9A33 /* XCRemoteSwiftPackageReference "Sparkle" */;
			productName = Sparkle;
		};
/* End XCSwiftPackageProductDependency section */
	};
	rootObject = 8E0556AB2F28C3F600BCFB49 /* Project object */;
}
