{
  "originHash" : "6917424f6b7e443820c0184f95cffb278e468022f903fb7dde3880f7c1fee9ad",
  "pins" : [
    {
      "identity" : "swiftexif",
      "kind" : "remoteSourceControl",
      "location" : "https://github.com/aagedal/SwiftExif.git",
      "state" : {
        "revision" : "bae674f696b9bc7661ab1ba410fdc9bee5672444",
        "version" : "1.3.1"
      }
    }
  ],
  "version" : 3
}
