{
  "originHash" : "6917424f6b7e443820c0184f95cffb278e468022f903fb7dde3880f7c1fee9ad",
  "pins" : [
    {
      "identity" : "swiftexif",
      "kind" : "remoteSourceControl",
      "location" : "https://github.com/aagedal/SwiftExif.git",
      "state" : {
        "revision" : "a9a2abfdffc3104fe948dee8b59e07e18524a7ca",
        "version" : "1.4.0"
      }
    }
  ],
  "version" : 3
}
