{
  "originHash" : "3b593d9e561d4105891bfc1e1c243468737cb08b47e0aab788f2f73dd354afdb",
  "pins" : [
    {
      "identity" : "sparkle",
      "kind" : "remoteSourceControl",
      "location" : "https://github.com/sparkle-project/Sparkle",
      "state" : {
        "revision" : "ac2def288cbff5cfc7df3ffef6abdf45b72bcb0a",
        "version" : "2.9.6"
      }
    },
    {
      "identity" : "swiftmediametadata",
      "kind" : "remoteSourceControl",
      "location" : "https://github.com/aagedal/SwiftMediaMetadata.git",
      "state" : {
        "revision" : "c2d77c2dcefcb997623e52beca57bc61ce302cb9",
        "version" : "3.0.0"
      }
    }
  ],
  "version" : 3
}
